
Microsoft Visual Studio Solution File, Format Version 12.00
Project("{FAE04EC0-301F-11D3-BF4B-00C04F79EFBC}") = "Calculation", "Calculation\Calculation.csproj", "{40E5CB92-A2D2-4A14-9FA2-F749F61343EF}"
EndProject
Project("{FAE04EC0-301F-11D3-BF4B-00C04F79EFBC}") = "CalculationTest", "CalculationTest\CalculationTest.csproj", "{6FDD82A3-2676-4900-B128-FD65F3BE964C}"
EndProject
Global
	GlobalSection(SolutionConfigurationPlatforms) = preSolution
		Debug|Any CPU = Debug|Any CPU
		Release|Any CPU = Release|Any CPU
	EndGlobalSection
	GlobalSection(ProjectConfigurationPlatforms) = postSolution
		{40E5CB92-A2D2-4A14-9FA2-F749F61343EF}.Debug|Any CPU.ActiveCfg = Debug|Any CPU
		{40E5CB92-A2D2-4A14-9FA2-F749F61343EF}.Debug|Any CPU.Build.0 = Debug|Any CPU
		{40E5CB92-A2D2-4A14-9FA2-F749F61343EF}.Release|Any CPU.ActiveCfg = Release|Any CPU
		{40E5CB92-A2D2-4A14-9FA2-F749F61343EF}.Release|Any CPU.Build.0 = Release|Any CPU
		{6FDD82A3-2676-4900-B128-FD65F3BE964C}.Debug|Any CPU.ActiveCfg = Debug|Any CPU
		{6FDD82A3-2676-4900-B128-FD65F3BE964C}.Debug|Any CPU.Build.0 = Debug|Any CPU
		{6FDD82A3-2676-4900-B128-FD65F3BE964C}.Release|Any CPU.ActiveCfg = Release|Any CPU
		{6FDD82A3-2676-4900-B128-FD65F3BE964C}.Release|Any CPU.Build.0 = Release|Any CPU
	EndGlobalSection
	GlobalSection(NestedProjects) = preSolution
	EndGlobalSection
EndGlobal
